
Microsoft Visual Studio Solution File, Format Version 12.00
# Visual Studio 15
VisualStudioVersion = 15.0.28307.572
MinimumVisualStudioVersion = 10.0.40219.1
Project("{FAE04EC0-301F-11D3-BF4B-00C04F79EFBC}") = "MockPassport", "MockPassport\MockPassport.csproj", "{E4EE7563-32E9-4A3A-9760-CE6FDC0D1CD0}"
EndProject
Global
	GlobalSection(SolutionConfigurationPlatforms) = preSolution
		Debug|Any CPU = Debug|Any CPU
		Release|Any CPU = Release|Any CPU
	EndGlobalSection
	GlobalSection(ProjectConfigurationPlatforms) = postSolution
		{E4EE7563-32E9-4A3A-9760-CE6FDC0D1CD0}.Debug|Any CPU.ActiveCfg = Debug|Any CPU
		{E4EE7563-32E9-4A3A-9760-CE6FDC0D1CD0}.Debug|Any CPU.Build.0 = Debug|Any CPU
		{E4EE7563-32E9-4A3A-9760-CE6FDC0D1CD0}.Release|Any CPU.ActiveCfg = Release|Any CPU
		{E4EE7563-32E9-4A3A-9760-CE6FDC0D1CD0}.Release|Any CPU.Build.0 = Release|Any CPU
	EndGlobalSection
	GlobalSection(SolutionProperties) = preSolution
		HideSolutionNode = FALSE
	EndGlobalSection
	GlobalSection(ExtensibilityGlobals) = postSolution
		SolutionGuid = {E242E08D-8F54-49CA-91AB-D09647C13D35}
	EndGlobalSection
EndGlobal
