
Microsoft Visual Studio Solution File, Format Version 12.00
# Visual Studio Version 16
VisualStudioVersion = 16.0.30225.117
MinimumVisualStudioVersion = 10.0.40219.1
Project("{FAE04EC0-301F-11D3-BF4B-00C04F79EFBC}") = "UITests", "UITests\UITests.csproj", "{3EF51795-4834-4260-9B98-59888551607A}"
EndProject
Project("{FAE04EC0-301F-11D3-BF4B-00C04F79EFBC}") = "IntegratedDriver", "IntegratedDriver\IntegratedDriver.csproj", "{0272BF13-918B-4ED0-AFC8-8D0BDF2446D1}"
EndProject
Project("{FAE04EC0-301F-11D3-BF4B-00C04F79EFBC}") = "UnitTests", "UnitTests\UnitTests.csproj", "{4F9B7F01-CBA8-43A1-A95C-1E6A77806EB8}"
EndProject
Project("{2150E333-8FDC-42A3-9474-1A3956D46DE8}") = "Solution Items", "Solution Items", "{3834BA1A-52BA-48B8-9C2B-B4BC52CC2F08}"
	ProjectSection(SolutionItems) = preProject
		.editorconfig = .editorconfig
	EndProjectSection
EndProject
Global
	GlobalSection(SolutionConfigurationPlatforms) = preSolution
		Debug|Any CPU = Debug|Any CPU
		Release|Any CPU = Release|Any CPU
	EndGlobalSection
	GlobalSection(ProjectConfigurationPlatforms) = postSolution
		{3EF51795-4834-4260-9B98-59888551607A}.Debug|Any CPU.ActiveCfg = Debug|Any CPU
		{3EF51795-4834-4260-9B98-59888551607A}.Debug|Any CPU.Build.0 = Debug|Any CPU
		{3EF51795-4834-4260-9B98-59888551607A}.Release|Any CPU.ActiveCfg = Release|Any CPU
		{3EF51795-4834-4260-9B98-59888551607A}.Release|Any CPU.Build.0 = Release|Any CPU
		{0272BF13-918B-4ED0-AFC8-8D0BDF2446D1}.Debug|Any CPU.ActiveCfg = Debug|Any CPU
		{0272BF13-918B-4ED0-AFC8-8D0BDF2446D1}.Debug|Any CPU.Build.0 = Debug|Any CPU
		{0272BF13-918B-4ED0-AFC8-8D0BDF2446D1}.Release|Any CPU.ActiveCfg = Release|Any CPU
		{0272BF13-918B-4ED0-AFC8-8D0BDF2446D1}.Release|Any CPU.Build.0 = Release|Any CPU
		{4F9B7F01-CBA8-43A1-A95C-1E6A77806EB8}.Debug|Any CPU.ActiveCfg = Debug|Any CPU
		{4F9B7F01-CBA8-43A1-A95C-1E6A77806EB8}.Debug|Any CPU.Build.0 = Debug|Any CPU
		{4F9B7F01-CBA8-43A1-A95C-1E6A77806EB8}.Release|Any CPU.ActiveCfg = Release|Any CPU
		{4F9B7F01-CBA8-43A1-A95C-1E6A77806EB8}.Release|Any CPU.Build.0 = Release|Any CPU
	EndGlobalSection
	GlobalSection(SolutionProperties) = preSolution
		HideSolutionNode = FALSE
	EndGlobalSection
	GlobalSection(ExtensibilityGlobals) = postSolution
		SolutionGuid = {4906559E-6A91-472B-B6C6-C8F2595EEA71}
	EndGlobalSection
EndGlobal
